
Microsoft Visual Studio Solution File, Format Version 12.00
# Visual Studio Version 17
VisualStudioVersion = 17.1.32210.238
MinimumVisualStudioVersion = 10.0.40219.1
Project("{FAE04EC0-301F-11D3-BF4B-00C04F79EFBC}") = "tpmodul3_1302201132", "tpmodul3_1302201132\tpmodul3_1302201132.csproj", "{5C34A288-71FF-423F-A692-6E46CC6F82F6}"
EndProject
Global
	GlobalSection(SolutionConfigurationPlatforms) = preSolution
		Debug|Any CPU = Debug|Any CPU
		Release|Any CPU = Release|Any CPU
	EndGlobalSection
	GlobalSection(ProjectConfigurationPlatforms) = postSolution
		{5C34A288-71FF-423F-A692-6E46CC6F82F6}.Debug|Any CPU.ActiveCfg = Debug|Any CPU
		{5C34A288-71FF-423F-A692-6E46CC6F82F6}.Debug|Any CPU.Build.0 = Debug|Any CPU
		{5C34A288-71FF-423F-A692-6E46CC6F82F6}.Release|Any CPU.ActiveCfg = Release|Any CPU
		{5C34A288-71FF-423F-A692-6E46CC6F82F6}.Release|Any CPU.Build.0 = Release|Any CPU
	EndGlobalSection
	GlobalSection(SolutionProperties) = preSolution
		HideSolutionNode = FALSE
	EndGlobalSection
	GlobalSection(ExtensibilityGlobals) = postSolution
		SolutionGuid = {E40E85CE-A077-4D9E-914D-8CD9BE1E922A}
	EndGlobalSection
EndGlobal
